
Microsoft Visual Studio Solution File, Format Version 12.00
# Visual Studio Version 16
VisualStudioVersion = 16.0.29326.143
MinimumVisualStudioVersion = 10.0.40219.1
Project("{FAE04EC0-301F-11D3-BF4B-00C04F79EFBC}") = "LarrysComicApp", "LarrysComicApp.csproj", "{CF0E77AB-9CE3-4A66-BB84-257B9E3251E7}"
EndProject
Global
	GlobalSection(SolutionConfigurationPlatforms) = preSolution
		Debug|Any CPU = Debug|Any CPU
		Release|Any CPU = Release|Any CPU
	EndGlobalSection
	GlobalSection(ProjectConfigurationPlatforms) = postSolution
		{CF0E77AB-9CE3-4A66-BB84-257B9E3251E7}.Debug|Any CPU.ActiveCfg = Debug|Any CPU
		{CF0E77AB-9CE3-4A66-BB84-257B9E3251E7}.Debug|Any CPU.Build.0 = Debug|Any CPU
		{CF0E77AB-9CE3-4A66-BB84-257B9E3251E7}.Release|Any CPU.ActiveCfg = Release|Any CPU
		{CF0E77AB-9CE3-4A66-BB84-257B9E3251E7}.Release|Any CPU.Build.0 = Release|Any CPU
	EndGlobalSection
	GlobalSection(SolutionProperties) = preSolution
		HideSolutionNode = FALSE
	EndGlobalSection
	GlobalSection(ExtensibilityGlobals) = postSolution
		SolutionGuid = {307EE093-5AD9-4ED7-AFBD-17ADE67F1A10}
	EndGlobalSection
EndGlobal
